
Microsoft Visual Studio Solution File, Format Version 12.00
# Visual Studio Version 17
VisualStudioVersion = 17.0.31903.59
MinimumVisualStudioVersion = 10.0.40219.1
Project("{9A19103F-16F7-4668-BE54-9A1E7A4F7556}") = "RazorPhones", "RazorPhones\RazorPhones.csproj", "{54F31118-09B6-4F40-9851-821538E2AAE1}"
EndProject
Global
	GlobalSection(SolutionConfigurationPlatforms) = preSolution
		Debug|Any CPU = Debug|Any CPU
		Release|Any CPU = Release|Any CPU
	EndGlobalSection
	GlobalSection(ProjectConfigurationPlatforms) = postSolution
		{54F31118-09B6-4F40-9851-821538E2AAE1}.Debug|Any CPU.ActiveCfg = Debug|Any CPU
		{54F31118-09B6-4F40-9851-821538E2AAE1}.Debug|Any CPU.Build.0 = Debug|Any CPU
		{54F31118-09B6-4F40-9851-821538E2AAE1}.Release|Any CPU.ActiveCfg = Release|Any CPU
		{54F31118-09B6-4F40-9851-821538E2AAE1}.Release|Any CPU.Build.0 = Release|Any CPU
	EndGlobalSection
	GlobalSection(SolutionProperties) = preSolution
		HideSolutionNode = FALSE
	EndGlobalSection
	GlobalSection(ExtensibilityGlobals) = postSolution
		SolutionGuid = {F280281C-B322-47AB-8FB1-31ADADBB8566}
	EndGlobalSection
EndGlobal
